
Microsoft Visual Studio Solution File, Format Version 12.00
# Visual Studio 15
VisualStudioVersion = 15.0.28307.1758
MinimumVisualStudioVersion = 10.0.40219.1
Project("{8BC9CEB8-8B4A-11D0-8D11-00A0C91BC942}") = "sggui", "sggui\sggui.vcxproj", "{8DF98B6D-30B4-4580-A085-F878CCD90B6D}"
EndProject
Project("{8BC9CEB8-8B4A-11D0-8D11-00A0C91BC942}") = "sgshared", "sgshared\sgshared.vcxproj", "{050EA4CD-0996-4FDA-93BB-5C9FAF20D893}"
EndProject
Project("{8BC9CEB8-8B4A-11D0-8D11-00A0C91BC942}") = "libMinHook", "minhook\build\VC16\libMinHook.vcxproj", "{F142A341-5EE0-442D-A15F-98AE9B48DBAE}"
EndProject
Project("{8BC9CEB8-8B4A-11D0-8D11-00A0C91BC942}") = "sgd9", "sgd9\sgd9.vcxproj", "{760A33AD-E871-4320-AF1F-C3E76AEEF54A}"
EndProject
Project("{8BC9CEB8-8B4A-11D0-8D11-00A0C91BC942}") = "sgd8", "sgd8\sgd8.vcxproj", "{E00F6A77-C489-401C-8989-0590914DC524}"
EndProject
Project("{8BC9CEB8-8B4A-11D0-8D11-00A0C91BC942}") = "sgd11", "sgd11\sgd11.vcxproj", "{317BA71E-C413-4E29-AB10-A7EF37D6AF0E}"
EndProject
Project("{8BC9CEB8-8B4A-11D0-8D11-00A0C91BC942}") = "sggl", "sggl\sggl.vcxproj", "{5F97A4F6-FD61-476B-A418-DA328F496934}"
EndProject
Project("{8BC9CEB8-8B4A-11D0-8D11-00A0C91BC942}") = "FW1FontWrapper", "FW1FontWrapper\FW1FontWrapper\FW1FontWrapper.vcxproj", "{9F62DB07-EA42-4388-82AB-E6FAA371F353}"
EndProject
Project("{8BC9CEB8-8B4A-11D0-8D11-00A0C91BC942}") = "sgd10", "sgd10\sgd10.vcxproj", "{7AB4448D-EB83-41F0-973F-D762F75DA125}"
EndProject
Project("{8BC9CEB8-8B4A-11D0-8D11-00A0C91BC942}") = "sgdd", "sgdd\sgdd.vcxproj", "{40AB34E5-85F9-4112-A9E1-D5506181A377}"
EndProject
Global
	GlobalSection(SolutionConfigurationPlatforms) = preSolution
		Debug|Win32 = Debug|Win32
		Debug|x64 = Debug|x64
		Profile|Win32 = Profile|Win32
		Profile|x64 = Profile|x64
		Release|Win32 = Release|Win32
		Release|x64 = Release|x64
	EndGlobalSection
	GlobalSection(ProjectConfigurationPlatforms) = postSolution
		{8DF98B6D-30B4-4580-A085-F878CCD90B6D}.Debug|Win32.ActiveCfg = Debug|Win32
		{8DF98B6D-30B4-4580-A085-F878CCD90B6D}.Debug|Win32.Build.0 = Debug|Win32
		{8DF98B6D-30B4-4580-A085-F878CCD90B6D}.Debug|x64.ActiveCfg = Debug|x64
		{8DF98B6D-30B4-4580-A085-F878CCD90B6D}.Debug|x64.Build.0 = Debug|x64
		{8DF98B6D-30B4-4580-A085-F878CCD90B6D}.Profile|Win32.ActiveCfg = Release|Win32
		{8DF98B6D-30B4-4580-A085-F878CCD90B6D}.Profile|Win32.Build.0 = Release|Win32
		{8DF98B6D-30B4-4580-A085-F878CCD90B6D}.Profile|x64.ActiveCfg = Release|x64
		{8DF98B6D-30B4-4580-A085-F878CCD90B6D}.Profile|x64.Build.0 = Release|x64
		{8DF98B6D-30B4-4580-A085-F878CCD90B6D}.Release|Win32.ActiveCfg = Release|Win32
		{8DF98B6D-30B4-4580-A085-F878CCD90B6D}.Release|Win32.Build.0 = Release|Win32
		{8DF98B6D-30B4-4580-A085-F878CCD90B6D}.Release|x64.ActiveCfg = Release|x64
		{8DF98B6D-30B4-4580-A085-F878CCD90B6D}.Release|x64.Build.0 = Release|x64
		{050EA4CD-0996-4FDA-93BB-5C9FAF20D893}.Debug|Win32.ActiveCfg = Debug|Win32
		{050EA4CD-0996-4FDA-93BB-5C9FAF20D893}.Debug|Win32.Build.0 = Debug|Win32
		{050EA4CD-0996-4FDA-93BB-5C9FAF20D893}.Debug|x64.ActiveCfg = Debug|x64
		{050EA4CD-0996-4FDA-93BB-5C9FAF20D893}.Debug|x64.Build.0 = Debug|x64
		{050EA4CD-0996-4FDA-93BB-5C9FAF20D893}.Profile|Win32.ActiveCfg = Release|Win32
		{050EA4CD-0996-4FDA-93BB-5C9FAF20D893}.Profile|Win32.Build.0 = Release|Win32
		{050EA4CD-0996-4FDA-93BB-5C9FAF20D893}.Profile|x64.ActiveCfg = Release|x64
		{050EA4CD-0996-4FDA-93BB-5C9FAF20D893}.Profile|x64.Build.0 = Release|x64
		{050EA4CD-0996-4FDA-93BB-5C9FAF20D893}.Release|Win32.ActiveCfg = Release|Win32
		{050EA4CD-0996-4FDA-93BB-5C9FAF20D893}.Release|Win32.Build.0 = Release|Win32
		{050EA4CD-0996-4FDA-93BB-5C9FAF20D893}.Release|x64.ActiveCfg = Release|x64
		{050EA4CD-0996-4FDA-93BB-5C9FAF20D893}.Release|x64.Build.0 = Release|x64
		{F142A341-5EE0-442D-A15F-98AE9B48DBAE}.Debug|Win32.ActiveCfg = Debug|Win32
		{F142A341-5EE0-442D-A15F-98AE9B48DBAE}.Debug|Win32.Build.0 = Debug|Win32
		{F142A341-5EE0-442D-A15F-98AE9B48DBAE}.Debug|x64.ActiveCfg = Debug|x64
		{F142A341-5EE0-442D-A15F-98AE9B48DBAE}.Debug|x64.Build.0 = Debug|x64
		{F142A341-5EE0-442D-A15F-98AE9B48DBAE}.Profile|Win32.ActiveCfg = Debug|Win32
		{F142A341-5EE0-442D-A15F-98AE9B48DBAE}.Profile|Win32.Build.0 = Debug|Win32
		{F142A341-5EE0-442D-A15F-98AE9B48DBAE}.Profile|x64.ActiveCfg = Debug|x64
		{F142A341-5EE0-442D-A15F-98AE9B48DBAE}.Profile|x64.Build.0 = Debug|x64
		{F142A341-5EE0-442D-A15F-98AE9B48DBAE}.Release|Win32.ActiveCfg = Release|Win32
		{F142A341-5EE0-442D-A15F-98AE9B48DBAE}.Release|Win32.Build.0 = Release|Win32
		{F142A341-5EE0-442D-A15F-98AE9B48DBAE}.Release|x64.ActiveCfg = Release|x64
		{F142A341-5EE0-442D-A15F-98AE9B48DBAE}.Release|x64.Build.0 = Release|x64
		{760A33AD-E871-4320-AF1F-C3E76AEEF54A}.Debug|Win32.ActiveCfg = Debug|Win32
		{760A33AD-E871-4320-AF1F-C3E76AEEF54A}.Debug|Win32.Build.0 = Debug|Win32
		{760A33AD-E871-4320-AF1F-C3E76AEEF54A}.Debug|x64.ActiveCfg = Debug|x64
		{760A33AD-E871-4320-AF1F-C3E76AEEF54A}.Debug|x64.Build.0 = Debug|x64
		{760A33AD-E871-4320-AF1F-C3E76AEEF54A}.Profile|Win32.ActiveCfg = Debug|Win32
		{760A33AD-E871-4320-AF1F-C3E76AEEF54A}.Profile|Win32.Build.0 = Debug|Win32
		{760A33AD-E871-4320-AF1F-C3E76AEEF54A}.Profile|x64.ActiveCfg = Debug|x64
		{760A33AD-E871-4320-AF1F-C3E76AEEF54A}.Profile|x64.Build.0 = Debug|x64
		{760A33AD-E871-4320-AF1F-C3E76AEEF54A}.Release|Win32.ActiveCfg = Release|Win32
		{760A33AD-E871-4320-AF1F-C3E76AEEF54A}.Release|Win32.Build.0 = Release|Win32
		{760A33AD-E871-4320-AF1F-C3E76AEEF54A}.Release|x64.ActiveCfg = Release|x64
		{760A33AD-E871-4320-AF1F-C3E76AEEF54A}.Release|x64.Build.0 = Release|x64
		{E00F6A77-C489-401C-8989-0590914DC524}.Debug|Win32.ActiveCfg = Debug|Win32
		{E00F6A77-C489-401C-8989-0590914DC524}.Debug|Win32.Build.0 = Debug|Win32
		{E00F6A77-C489-401C-8989-0590914DC524}.Debug|x64.ActiveCfg = Debug|x64
		{E00F6A77-C489-401C-8989-0590914DC524}.Profile|Win32.ActiveCfg = Debug|Win32
		{E00F6A77-C489-401C-8989-0590914DC524}.Profile|Win32.Build.0 = Debug|Win32
		{E00F6A77-C489-401C-8989-0590914DC524}.Profile|x64.ActiveCfg = Debug|x64
		{E00F6A77-C489-401C-8989-0590914DC524}.Profile|x64.Build.0 = Debug|x64
		{E00F6A77-C489-401C-8989-0590914DC524}.Release|Win32.ActiveCfg = Release|Win32
		{E00F6A77-C489-401C-8989-0590914DC524}.Release|Win32.Build.0 = Release|Win32
		{E00F6A77-C489-401C-8989-0590914DC524}.Release|x64.ActiveCfg = Release|x64
		{317BA71E-C413-4E29-AB10-A7EF37D6AF0E}.Debug|Win32.ActiveCfg = Debug|Win32
		{317BA71E-C413-4E29-AB10-A7EF37D6AF0E}.Debug|Win32.Build.0 = Debug|Win32
		{317BA71E-C413-4E29-AB10-A7EF37D6AF0E}.Debug|x64.ActiveCfg = Debug|x64
		{317BA71E-C413-4E29-AB10-A7EF37D6AF0E}.Debug|x64.Build.0 = Debug|x64
		{317BA71E-C413-4E29-AB10-A7EF37D6AF0E}.Profile|Win32.ActiveCfg = Debug|Win32
		{317BA71E-C413-4E29-AB10-A7EF37D6AF0E}.Profile|Win32.Build.0 = Debug|Win32
		{317BA71E-C413-4E29-AB10-A7EF37D6AF0E}.Profile|x64.ActiveCfg = Debug|x64
		{317BA71E-C413-4E29-AB10-A7EF37D6AF0E}.Profile|x64.Build.0 = Debug|x64
		{317BA71E-C413-4E29-AB10-A7EF37D6AF0E}.Release|Win32.ActiveCfg = Release|Win32
		{317BA71E-C413-4E29-AB10-A7EF37D6AF0E}.Release|Win32.Build.0 = Release|Win32
		{317BA71E-C413-4E29-AB10-A7EF37D6AF0E}.Release|x64.ActiveCfg = Release|x64
		{317BA71E-C413-4E29-AB10-A7EF37D6AF0E}.Release|x64.Build.0 = Release|x64
		{5F97A4F6-FD61-476B-A418-DA328F496934}.Debug|Win32.ActiveCfg = Debug|Win32
		{5F97A4F6-FD61-476B-A418-DA328F496934}.Debug|Win32.Build.0 = Debug|Win32
		{5F97A4F6-FD61-476B-A418-DA328F496934}.Debug|x64.ActiveCfg = Debug|x64
		{5F97A4F6-FD61-476B-A418-DA328F496934}.Debug|x64.Build.0 = Debug|x64
		{5F97A4F6-FD61-476B-A418-DA328F496934}.Profile|Win32.ActiveCfg = Debug|Win32
		{5F97A4F6-FD61-476B-A418-DA328F496934}.Profile|Win32.Build.0 = Debug|Win32
		{5F97A4F6-FD61-476B-A418-DA328F496934}.Profile|x64.ActiveCfg = Debug|x64
		{5F97A4F6-FD61-476B-A418-DA328F496934}.Profile|x64.Build.0 = Debug|x64
		{5F97A4F6-FD61-476B-A418-DA328F496934}.Release|Win32.ActiveCfg = Release|Win32
		{5F97A4F6-FD61-476B-A418-DA328F496934}.Release|Win32.Build.0 = Release|Win32
		{5F97A4F6-FD61-476B-A418-DA328F496934}.Release|x64.ActiveCfg = Release|x64
		{5F97A4F6-FD61-476B-A418-DA328F496934}.Release|x64.Build.0 = Release|x64
		{9F62DB07-EA42-4388-82AB-E6FAA371F353}.Debug|Win32.ActiveCfg = Debug|Win32
		{9F62DB07-EA42-4388-82AB-E6FAA371F353}.Debug|Win32.Build.0 = Debug|Win32
		{9F62DB07-EA42-4388-82AB-E6FAA371F353}.Debug|x64.ActiveCfg = Debug|x64
		{9F62DB07-EA42-4388-82AB-E6FAA371F353}.Debug|x64.Build.0 = Debug|x64
		{9F62DB07-EA42-4388-82AB-E6FAA371F353}.Profile|Win32.ActiveCfg = Debug|Win32
		{9F62DB07-EA42-4388-82AB-E6FAA371F353}.Profile|Win32.Build.0 = Debug|Win32
		{9F62DB07-EA42-4388-82AB-E6FAA371F353}.Profile|x64.ActiveCfg = Debug|x64
		{9F62DB07-EA42-4388-82AB-E6FAA371F353}.Profile|x64.Build.0 = Debug|x64
		{9F62DB07-EA42-4388-82AB-E6FAA371F353}.Release|Win32.ActiveCfg = Release|Win32
		{9F62DB07-EA42-4388-82AB-E6FAA371F353}.Release|Win32.Build.0 = Release|Win32
		{9F62DB07-EA42-4388-82AB-E6FAA371F353}.Release|x64.ActiveCfg = Release|x64
		{9F62DB07-EA42-4388-82AB-E6FAA371F353}.Release|x64.Build.0 = Release|x64
		{7AB4448D-EB83-41F0-973F-D762F75DA125}.Debug|Win32.ActiveCfg = Debug|Win32
		{7AB4448D-EB83-41F0-973F-D762F75DA125}.Debug|Win32.Build.0 = Debug|Win32
		{7AB4448D-EB83-41F0-973F-D762F75DA125}.Debug|x64.ActiveCfg = Debug|x64
		{7AB4448D-EB83-41F0-973F-D762F75DA125}.Debug|x64.Build.0 = Debug|x64
		{7AB4448D-EB83-41F0-973F-D762F75DA125}.Profile|Win32.ActiveCfg = Debug|Win32
		{7AB4448D-EB83-41F0-973F-D762F75DA125}.Profile|Win32.Build.0 = Debug|Win32
		{7AB4448D-EB83-41F0-973F-D762F75DA125}.Profile|x64.ActiveCfg = Debug|x64
		{7AB4448D-EB83-41F0-973F-D762F75DA125}.Profile|x64.Build.0 = Debug|x64
		{7AB4448D-EB83-41F0-973F-D762F75DA125}.Release|Win32.ActiveCfg = Release|Win32
		{7AB4448D-EB83-41F0-973F-D762F75DA125}.Release|Win32.Build.0 = Release|Win32
		{7AB4448D-EB83-41F0-973F-D762F75DA125}.Release|x64.ActiveCfg = Release|x64
		{7AB4448D-EB83-41F0-973F-D762F75DA125}.Release|x64.Build.0 = Release|x64
		{40AB34E5-85F9-4112-A9E1-D5506181A377}.Debug|Win32.ActiveCfg = Debug|Win32
		{40AB34E5-85F9-4112-A9E1-D5506181A377}.Debug|Win32.Build.0 = Debug|Win32
		{40AB34E5-85F9-4112-A9E1-D5506181A377}.Debug|x64.ActiveCfg = Debug|x64
		{40AB34E5-85F9-4112-A9E1-D5506181A377}.Debug|x64.Build.0 = Debug|x64
		{40AB34E5-85F9-4112-A9E1-D5506181A377}.Profile|Win32.ActiveCfg = Release|Win32
		{40AB34E5-85F9-4112-A9E1-D5506181A377}.Profile|Win32.Build.0 = Release|Win32
		{40AB34E5-85F9-4112-A9E1-D5506181A377}.Profile|x64.ActiveCfg = Release|x64
		{40AB34E5-85F9-4112-A9E1-D5506181A377}.Profile|x64.Build.0 = Release|x64
		{40AB34E5-85F9-4112-A9E1-D5506181A377}.Release|Win32.ActiveCfg = Release|Win32
		{40AB34E5-85F9-4112-A9E1-D5506181A377}.Release|Win32.Build.0 = Release|Win32
		{40AB34E5-85F9-4112-A9E1-D5506181A377}.Release|x64.ActiveCfg = Release|x64
		{40AB34E5-85F9-4112-A9E1-D5506181A377}.Release|x64.Build.0 = Release|x64
	EndGlobalSection
	GlobalSection(SolutionProperties) = preSolution
		HideSolutionNode = FALSE
	EndGlobalSection
	GlobalSection(ExtensibilityGlobals) = postSolution
		SolutionGuid = {7DEF77F0-646F-4258-B116-941B5A934E36}
	EndGlobalSection
EndGlobal
